
Microsoft Visual Studio Solution File, Format Version 12.00
# Visual Studio Version 17
VisualStudioVersion = 17.3.32929.385
MinimumVisualStudioVersion = 10.0.40219.1
Project("{FAE04EC0-301F-11D3-BF4B-00C04F79EFBC}") = "WindowsFormsAppPrincipal", "WindowsFormsAppPrincipal\WindowsFormsAppPrincipal.csproj", "{4A975869-EE0E-43D6-ACF5-169B44F497B7}"
EndProject
Project("{FAE04EC0-301F-11D3-BF4B-00C04F79EFBC}") = "Models", "Models\Models.csproj", "{DB200A1B-FF8C-46B0-9FE8-77288FA71C92}"
EndProject
Project("{FAE04EC0-301F-11D3-BF4B-00C04F79EFBC}") = "DAL", "DAL\DAL.csproj", "{B4E7E640-5E7C-4EF5-9750-93A7CB95B3E3}"
EndProject
Project("{FAE04EC0-301F-11D3-BF4B-00C04F79EFBC}") = "BLL", "BLL\BLL.csproj", "{6B66722D-13F5-4CAF-9E9C-DD2FD819C0E9}"
EndProject
Global
	GlobalSection(SolutionConfigurationPlatforms) = preSolution
		Debug|Any CPU = Debug|Any CPU
		Release|Any CPU = Release|Any CPU
	EndGlobalSection
	GlobalSection(ProjectConfigurationPlatforms) = postSolution
		{4A975869-EE0E-43D6-ACF5-169B44F497B7}.Debug|Any CPU.ActiveCfg = Debug|Any CPU
		{4A975869-EE0E-43D6-ACF5-169B44F497B7}.Debug|Any CPU.Build.0 = Debug|Any CPU
		{4A975869-EE0E-43D6-ACF5-169B44F497B7}.Release|Any CPU.ActiveCfg = Release|Any CPU
		{4A975869-EE0E-43D6-ACF5-169B44F497B7}.Release|Any CPU.Build.0 = Release|Any CPU
		{DB200A1B-FF8C-46B0-9FE8-77288FA71C92}.Debug|Any CPU.ActiveCfg = Debug|Any CPU
		{DB200A1B-FF8C-46B0-9FE8-77288FA71C92}.Debug|Any CPU.Build.0 = Debug|Any CPU
		{DB200A1B-FF8C-46B0-9FE8-77288FA71C92}.Release|Any CPU.ActiveCfg = Release|Any CPU
		{DB200A1B-FF8C-46B0-9FE8-77288FA71C92}.Release|Any CPU.Build.0 = Release|Any CPU
		{B4E7E640-5E7C-4EF5-9750-93A7CB95B3E3}.Debug|Any CPU.ActiveCfg = Debug|Any CPU
		{B4E7E640-5E7C-4EF5-9750-93A7CB95B3E3}.Debug|Any CPU.Build.0 = Debug|Any CPU
		{B4E7E640-5E7C-4EF5-9750-93A7CB95B3E3}.Release|Any CPU.ActiveCfg = Release|Any CPU
		{B4E7E640-5E7C-4EF5-9750-93A7CB95B3E3}.Release|Any CPU.Build.0 = Release|Any CPU
		{6B66722D-13F5-4CAF-9E9C-DD2FD819C0E9}.Debug|Any CPU.ActiveCfg = Debug|Any CPU
		{6B66722D-13F5-4CAF-9E9C-DD2FD819C0E9}.Debug|Any CPU.Build.0 = Debug|Any CPU
		{6B66722D-13F5-4CAF-9E9C-DD2FD819C0E9}.Release|Any CPU.ActiveCfg = Release|Any CPU
		{6B66722D-13F5-4CAF-9E9C-DD2FD819C0E9}.Release|Any CPU.Build.0 = Release|Any CPU
	EndGlobalSection
	GlobalSection(SolutionProperties) = preSolution
		HideSolutionNode = FALSE
	EndGlobalSection
	GlobalSection(ExtensibilityGlobals) = postSolution
		SolutionGuid = {2BFE4F0C-FFE5-4171-8BC1-A9F7C001F098}
	EndGlobalSection
EndGlobal
